
Microsoft Visual Studio Solution File, Format Version 12.00
# Visual Studio Version 16
VisualStudioVersion = 16.0.29519.181
MinimumVisualStudioVersion = 10.0.40219.1
Project("{FAE04EC0-301F-11D3-BF4B-00C04F79EFBC}") = "SkupSieGra", "SkupSieGra.csproj", "{FD5CA4CF-029B-4FFF-BFB8-B083CA346E43}"
EndProject
Global
	GlobalSection(SolutionConfigurationPlatforms) = preSolution
		Debug|Any CPU = Debug|Any CPU
		Release|Any CPU = Release|Any CPU
	EndGlobalSection
	GlobalSection(ProjectConfigurationPlatforms) = postSolution
		{FD5CA4CF-029B-4FFF-BFB8-B083CA346E43}.Debug|Any CPU.ActiveCfg = Debug|Any CPU
		{FD5CA4CF-029B-4FFF-BFB8-B083CA346E43}.Debug|Any CPU.Build.0 = Debug|Any CPU
		{FD5CA4CF-029B-4FFF-BFB8-B083CA346E43}.Release|Any CPU.ActiveCfg = Release|Any CPU
		{FD5CA4CF-029B-4FFF-BFB8-B083CA346E43}.Release|Any CPU.Build.0 = Release|Any CPU
	EndGlobalSection
	GlobalSection(SolutionProperties) = preSolution
		HideSolutionNode = FALSE
	EndGlobalSection
	GlobalSection(ExtensibilityGlobals) = postSolution
		SolutionGuid = {84E245F4-0B4F-4F0C-84C3-CCFB64F50E20}
	EndGlobalSection
EndGlobal
